
Microsoft Visual Studio Solution File, Format Version 12.00
# Visual Studio Version 16
VisualStudioVersion = 16.0.32510.428
MinimumVisualStudioVersion = 10.0.40219.1
Project("{FAE04EC0-301F-11D3-BF4B-00C04F79EFBC}") = "CollectionPrograms", "CollectionPrograms.csproj", "{9F9009E6-C545-4C08-ADB6-70F90FFFB2E2}"
EndProject
Global
	GlobalSection(SolutionConfigurationPlatforms) = preSolution
		Debug|Any CPU = Debug|Any CPU
		Release|Any CPU = Release|Any CPU
	EndGlobalSection
	GlobalSection(ProjectConfigurationPlatforms) = postSolution
		{9F9009E6-C545-4C08-ADB6-70F90FFFB2E2}.Debug|Any CPU.ActiveCfg = Debug|Any CPU
		{9F9009E6-C545-4C08-ADB6-70F90FFFB2E2}.Debug|Any CPU.Build.0 = Debug|Any CPU
		{9F9009E6-C545-4C08-ADB6-70F90FFFB2E2}.Release|Any CPU.ActiveCfg = Release|Any CPU
		{9F9009E6-C545-4C08-ADB6-70F90FFFB2E2}.Release|Any CPU.Build.0 = Release|Any CPU
	EndGlobalSection
	GlobalSection(SolutionProperties) = preSolution
		HideSolutionNode = FALSE
	EndGlobalSection
	GlobalSection(ExtensibilityGlobals) = postSolution
		SolutionGuid = {61BDC2F5-40C0-4DAD-972E-4FE865429D9D}
	EndGlobalSection
EndGlobal
